
Microsoft Visual Studio Solution File, Format Version 12.00
# Visual Studio Version 16
VisualStudioVersion = 16.0.30011.22
MinimumVisualStudioVersion = 10.0.40219.1
Project("{9A19103F-16F7-4668-BE54-9A1E7A4F7556}") = "Developer Practicum 2", "Developer Practicum 2\Developer Practicum 2.csproj", "{448E10AD-BB52-400E-BBAB-A28BFB842794}"
EndProject
Project("{FAE04EC0-301F-11D3-BF4B-00C04F79EFBC}") = "UnitTestDeveloperPracticum2", "UnitTestDeveloperPracticum2\UnitTestDeveloperPracticum2.csproj", "{26876F9D-4D90-4AC1-94BD-BE232E60305F}"
EndProject
Global
	GlobalSection(SolutionConfigurationPlatforms) = preSolution
		Debug|Any CPU = Debug|Any CPU
		Release|Any CPU = Release|Any CPU
	EndGlobalSection
	GlobalSection(ProjectConfigurationPlatforms) = postSolution
		{448E10AD-BB52-400E-BBAB-A28BFB842794}.Debug|Any CPU.ActiveCfg = Debug|Any CPU
		{448E10AD-BB52-400E-BBAB-A28BFB842794}.Debug|Any CPU.Build.0 = Debug|Any CPU
		{448E10AD-BB52-400E-BBAB-A28BFB842794}.Release|Any CPU.ActiveCfg = Release|Any CPU
		{448E10AD-BB52-400E-BBAB-A28BFB842794}.Release|Any CPU.Build.0 = Release|Any CPU
		{26876F9D-4D90-4AC1-94BD-BE232E60305F}.Debug|Any CPU.ActiveCfg = Debug|Any CPU
		{26876F9D-4D90-4AC1-94BD-BE232E60305F}.Debug|Any CPU.Build.0 = Debug|Any CPU
		{26876F9D-4D90-4AC1-94BD-BE232E60305F}.Release|Any CPU.ActiveCfg = Release|Any CPU
		{26876F9D-4D90-4AC1-94BD-BE232E60305F}.Release|Any CPU.Build.0 = Release|Any CPU
	EndGlobalSection
	GlobalSection(SolutionProperties) = preSolution
		HideSolutionNode = FALSE
	EndGlobalSection
	GlobalSection(ExtensibilityGlobals) = postSolution
		SolutionGuid = {BFCB6977-F85D-411A-9ED5-B0A009B9B5C8}
	EndGlobalSection
EndGlobal
